
Microsoft Visual Studio Solution File, Format Version 12.00
# Visual Studio Version 17
VisualStudioVersion = 17.5.33502.453
MinimumVisualStudioVersion = 10.0.40219.1
Project("{FAE04EC0-301F-11D3-BF4B-00C04F79EFBC}") = "NeuralNetworkCore", "NeuralNetworkCore\NeuralNetworkCore.csproj", "{1641BF8A-EC82-45C2-846F-B13F90C8C8B0}"
EndProject
Project("{FAE04EC0-301F-11D3-BF4B-00C04F79EFBC}") = "ConsoleTest", "ConsoleTest\ConsoleTest.csproj", "{FE435225-65D3-49A2-8026-B41A922184F8}"
EndProject
Global
	GlobalSection(SolutionConfigurationPlatforms) = preSolution
		Debug|Any CPU = Debug|Any CPU
		Release|Any CPU = Release|Any CPU
	EndGlobalSection
	GlobalSection(ProjectConfigurationPlatforms) = postSolution
		{1641BF8A-EC82-45C2-846F-B13F90C8C8B0}.Debug|Any CPU.ActiveCfg = Debug|Any CPU
		{1641BF8A-EC82-45C2-846F-B13F90C8C8B0}.Debug|Any CPU.Build.0 = Debug|Any CPU
		{1641BF8A-EC82-45C2-846F-B13F90C8C8B0}.Release|Any CPU.ActiveCfg = Release|Any CPU
		{1641BF8A-EC82-45C2-846F-B13F90C8C8B0}.Release|Any CPU.Build.0 = Release|Any CPU
		{FE435225-65D3-49A2-8026-B41A922184F8}.Debug|Any CPU.ActiveCfg = Debug|Any CPU
		{FE435225-65D3-49A2-8026-B41A922184F8}.Debug|Any CPU.Build.0 = Debug|Any CPU
		{FE435225-65D3-49A2-8026-B41A922184F8}.Release|Any CPU.ActiveCfg = Release|Any CPU
		{FE435225-65D3-49A2-8026-B41A922184F8}.Release|Any CPU.Build.0 = Release|Any CPU
	EndGlobalSection
	GlobalSection(SolutionProperties) = preSolution
		HideSolutionNode = FALSE
	EndGlobalSection
	GlobalSection(ExtensibilityGlobals) = postSolution
		SolutionGuid = {10A077D7-7AC7-4F6C-8729-26321A8B27B8}
	EndGlobalSection
EndGlobal
